
Microsoft Visual Studio Solution File, Format Version 12.00
# Visual Studio 14
VisualStudioVersion = 14.0.23107.0
MinimumVisualStudioVersion = 10.0.40219.1
Project("{FAE04EC0-301F-11D3-BF4B-00C04F79EFBC}") = "pi-web-api-js-plotting-channels", "pi-web-api-js-plotting-channels\pi-web-api-js-plotting-channels.csproj", "{6466271D-CA7B-4913-A85C-E794B7C4AA33}"
EndProject
Global
	GlobalSection(SolutionConfigurationPlatforms) = preSolution
		Debug|Any CPU = Debug|Any CPU
		Release|Any CPU = Release|Any CPU
	EndGlobalSection
	GlobalSection(ProjectConfigurationPlatforms) = postSolution
		{6466271D-CA7B-4913-A85C-E794B7C4AA33}.Debug|Any CPU.ActiveCfg = Debug|Any CPU
		{6466271D-CA7B-4913-A85C-E794B7C4AA33}.Debug|Any CPU.Build.0 = Debug|Any CPU
		{6466271D-CA7B-4913-A85C-E794B7C4AA33}.Release|Any CPU.ActiveCfg = Release|Any CPU
		{6466271D-CA7B-4913-A85C-E794B7C4AA33}.Release|Any CPU.Build.0 = Release|Any CPU
	EndGlobalSection
	GlobalSection(SolutionProperties) = preSolution
		HideSolutionNode = FALSE
	EndGlobalSection
EndGlobal
